// !$*UTF8*$!
{
	archiveVersion = 1;
	classes = {
	};
	objectVersion = 50;
	objects = {

/* Begin PBXBuildFile section */
		4E0BF5192588BDDA00F6BBC2 /* Detail.swift in Sources */ = {isa = PBXBuildFile; fileRef = 4E0BF5152588BDD900F6BBC2 /* Detail.swift */; };
		4E0BF51A2588BDDA00F6BBC2 /* TabBar.swift in Sources */ = {isa = PBXBuildFile; fileRef = 4E0BF5162588BDD900F6BBC2 /* TabBar.swift */; };
		4E0BF51B2588BDDA00F6BBC2 /* Today.swift in Sources */ = {isa = PBXBuildFile; fileRef = 4E0BF5172588BDD900F6BBC2 /* Today.swift */; };
		4E0BF51C2588BDDA00F6BBC2 /* TodayCardView.swift in Sources */ = {isa = PBXBuildFile; fileRef = 4E0BF5182588BDDA00F6BBC2 /* TodayCardView.swift */; };
		4E0BF51F2588BDDE00F6BBC2 /* TodayItem.swift in Sources */ = {isa = PBXBuildFile; fileRef = 4E0BF51E2588BDDE00F6BBC2 /* TodayItem.swift */; };
		4E0BF5232588BDEA00F6BBC2 /* DetailViewModel.swift in Sources */ = {isa = PBXBuildFile; fileRef = 4E0BF5222588BDEA00F6BBC2 /* DetailViewModel.swift */; };
		9FC62797256B2F2200211A05 /* Simple_App_StoreApp.swift in Sources */ = {isa = PBXBuildFile; fileRef = 9FC62796256B2F2200211A05 /* Simple_App_StoreApp.swift */; };
		9FC62799256B2F2200211A05 /* ContentView.swift in Sources */ = {isa = PBXBuildFile; fileRef = 9FC62798256B2F2200211A05 /* ContentView.swift */; };
		9FC6279B256B2F2400211A05 /* Assets.xcassets in Resources */ = {isa = PBXBuildFile; fileRef = 9FC6279A256B2F2400211A05 /* Assets.xcassets */; };
		9FC6279E256B2F2400211A05 /* Preview Assets.xcassets in Resources */ = {isa = PBXBuildFile; fileRef = 9FC6279D256B2F2400211A05 /* Preview Assets.xcassets */; };
/* End PBXBuildFile section */

/* Begin PBXFileReference section */
		4E0BF5152588BDD900F6BBC2 /* Detail.swift */ = {isa = PBXFileReference; fileEncoding = 4; lastKnownFileType = sourcecode.swift; path = Detail.swift; sourceTree = "<group>"; };
		4E0BF5162588BDD900F6BBC2 /* TabBar.swift */ = {isa = PBXFileReference; fileEncoding = 4; lastKnownFileType = sourcecode.swift; path = TabBar.swift; sourceTree = "<group>"; };
		4E0BF5172588BDD900F6BBC2 /* Today.swift */ = {isa = PBXFileReference; fileEncoding = 4; lastKnownFileType = sourcecode.swift; path = Today.swift; sourceTree = "<group>"; };
		4E0BF5182588BDDA00F6BBC2 /* TodayCardView.swift */ = {isa = PBXFileReference; fileEncoding = 4; lastKnownFileType = sourcecode.swift; path = TodayCardView.swift; sourceTree = "<group>"; };
		4E0BF51E2588BDDE00F6BBC2 /* TodayItem.swift */ = {isa = PBXFileReference; fileEncoding = 4; lastKnownFileType = sourcecode.swift; path = TodayItem.swift; sourceTree = "<group>"; };
		4E0BF5222588BDEA00F6BBC2 /* DetailViewModel.swift */ = {isa = PBXFileReference; fileEncoding = 4; lastKnownFileType = sourcecode.swift; path = DetailViewModel.swift; sourceTree = "<group>"; };
		9FC62793256B2F2200211A05 /* Simple App Store.app */ = {isa = PBXFileReference; explicitFileType = wrapper.application; includeInIndex = 0; path = "Simple App Store.app"; sourceTree = BUILT_PRODUCTS_DIR; };
		9FC62796256B2F2200211A05 /* Simple_App_StoreApp.swift */ = {isa = PBXFileReference; lastKnownFileType = sourcecode.swift; path = Simple_App_StoreApp.swift; sourceTree = "<group>"; };
		9FC62798256B2F2200211A05 /* ContentView.swift */ = {isa = PBXFileReference; lastKnownFileType = sourcecode.swift; path = ContentView.swift; sourceTree = "<group>"; };
		9FC6279A256B2F2400211A05 /* Assets.xcassets */ = {isa = PBXFileReference; lastKnownFileType = folder.assetcatalog; path = Assets.xcassets; sourceTree = "<group>"; };
		9FC6279D256B2F2400211A05 /* Preview Assets.xcassets */ = {isa = PBXFileReference; lastKnownFileType = folder.assetcatalog; path = "Preview Assets.xcassets"; sourceTree = "<group>"; };
		9FC6279F256B2F2400211A05 /* Info.plist */ = {isa = PBXFileReference; lastKnownFileType = text.plist.xml; path = Info.plist; sourceTree = "<group>"; };
/* End PBXFileReference section */

/* Begin PBXFrameworksBuildPhase section */
		9FC62790256B2F2200211A05 /* Frameworks */ = {
			isa = PBXFrameworksBuildPhase;
			buildActionMask = 2147483647;
			files = (
			);
			runOnlyForDeploymentPostprocessing = 0;
		};
/* End PBXFrameworksBuildPhase section */

/* Begin PBXGroup section */
		4E0BF5112588BDB900F6BBC2 /* contents */ = {
			isa = PBXGroup;
			children = (
				9FC62798256B2F2200211A05 /* ContentView.swift */,
			);
			path = contents;
			sourceTree = "<group>";
		};
		4E0BF5132588BDCC00F6BBC2 /* view */ = {
			isa = PBXGroup;
			children = (
				4E0BF5152588BDD900F6BBC2 /* Detail.swift */,
				4E0BF5162588BDD900F6BBC2 /* TabBar.swift */,
				4E0BF5172588BDD900F6BBC2 /* Today.swift */,
				4E0BF5182588BDDA00F6BBC2 /* TodayCardView.swift */,
			);
			path = view;
			sourceTree = "<group>";
		};
		4E0BF5142588BDD100F6BBC2 /* model */ = {
			isa = PBXGroup;
			children = (
				4E0BF51E2588BDDE00F6BBC2 /* TodayItem.swift */,
			);
			path = model;
			sourceTree = "<group>";
		};
		4E0BF5212588BDE100F6BBC2 /* viewmodel */ = {
			isa = PBXGroup;
			children = (
				4E0BF5222588BDEA00F6BBC2 /* DetailViewModel.swift */,
			);
			path = viewmodel;
			sourceTree = "<group>";
		};
		9FC6278A256B2F2200211A05 = {
			isa = PBXGroup;
			children = (
				9FC62795256B2F2200211A05 /* Simple App Store */,
				9FC62794256B2F2200211A05 /* Products */,
			);
			sourceTree = "<group>";
		};
		9FC62794256B2F2200211A05 /* Products */ = {
			isa = PBXGroup;
			children = (
				9FC62793256B2F2200211A05 /* Simple App Store.app */,
			);
			name = Products;
			sourceTree = "<group>";
		};
		9FC62795256B2F2200211A05 /* Simple App Store */ = {
			isa = PBXGroup;
			children = (
				9FC62796256B2F2200211A05 /* Simple_App_StoreApp.swift */,
				4E0BF5212588BDE100F6BBC2 /* viewmodel */,
				4E0BF5142588BDD100F6BBC2 /* model */,
				4E0BF5132588BDCC00F6BBC2 /* view */,
				4E0BF5112588BDB900F6BBC2 /* contents */,
				9FC6279A256B2F2400211A05 /* Assets.xcassets */,
				9FC6279F256B2F2400211A05 /* Info.plist */,
				9FC6279C256B2F2400211A05 /* Preview Content */,
			);
			path = "Simple App Store";
			sourceTree = "<group>";
		};
		9FC6279C256B2F2400211A05 /* Preview Content */ = {
			isa = PBXGroup;
			children = (
				9FC6279D256B2F2400211A05 /* Preview Assets.xcassets */,
			);
			path = "Preview Content";
			sourceTree = "<group>";
		};
/* End PBXGroup section */

/* Begin PBXNativeTarget section */
		9FC62792256B2F2200211A05 /* Simple App Store */ = {
			isa = PBXNativeTarget;
			buildConfigurationList = 9FC627A2256B2F2400211A05 /* Build configuration list for PBXNativeTarget "Simple App Store" */;
			buildPhases = (
				9FC6278F256B2F2200211A05 /* Sources */,
				9FC62790256B2F2200211A05 /* Frameworks */,
				9FC62791256B2F2200211A05 /* Resources */,
			);
			buildRules = (
			);
			dependencies = (
			);
			name = "Simple App Store";
			productName = "Simple App Store";
			productReference = 9FC62793256B2F2200211A05 /* Simple App Store.app */;
			productType = "com.apple.product-type.application";
		};
/* End PBXNativeTarget section */

/* Begin PBXProject section */
		9FC6278B256B2F2200211A05 /* Project object */ = {
			isa = PBXProject;
			attributes = {
				LastSwiftUpdateCheck = 1200;
				LastUpgradeCheck = 1200;
				TargetAttributes = {
					9FC62792256B2F2200211A05 = {
						CreatedOnToolsVersion = 12.0;
					};
				};
			};
			buildConfigurationList = 9FC6278E256B2F2200211A05 /* Build configuration list for PBXProject "Simple App Store" */;
			compatibilityVersion = "Xcode 9.3";
			developmentRegion = en;
			hasScannedForEncodings = 0;
			knownRegions = (
				en,
				Base,
			);
			mainGroup = 9FC6278A256B2F2200211A05;
			productRefGroup = 9FC62794256B2F2200211A05 /* Products */;
			projectDirPath = "";
			projectRoot = "";
			targets = (
				9FC62792256B2F2200211A05 /* Simple App Store */,
			);
		};
/* End PBXProject section */

/* Begin PBXResourcesBuildPhase section */
		9FC62791256B2F2200211A05 /* Resources */ = {
			isa = PBXResourcesBuildPhase;
			buildActionMask = 2147483647;
			files = (
				9FC6279E256B2F2400211A05 /* Preview Assets.xcassets in Resources */,
				9FC6279B256B2F2400211A05 /* Assets.xcassets in Resources */,
			);
			runOnlyForDeploymentPostprocessing = 0;
		};
/* End PBXResourcesBuildPhase section */

/* Begin PBXSourcesBuildPhase section */
		9FC6278F256B2F2200211A05 /* Sources */ = {
			isa = PBXSourcesBuildPhase;
			buildActionMask = 2147483647;
			files = (
				4E0BF51C2588BDDA00F6BBC2 /* TodayCardView.swift in Sources */,
				4E0BF51F2588BDDE00F6BBC2 /* TodayItem.swift in Sources */,
				9FC62799256B2F2200211A05 /* ContentView.swift in Sources */,
				4E0BF51B2588BDDA00F6BBC2 /* Today.swift in Sources */,
				9FC62797256B2F2200211A05 /* Simple_App_StoreApp.swift in Sources */,
				4E0BF5192588BDDA00F6BBC2 /* Detail.swift in Sources */,
				4E0BF51A2588BDDA00F6BBC2 /* TabBar.swift in Sources */,
				4E0BF5232588BDEA00F6BBC2 /* DetailViewModel.swift in Sources */,
			);
			runOnlyForDeploymentPostprocessing = 0;
		};
/* End PBXSourcesBuildPhase section */

/* Begin XCBuildConfiguration section */
		9FC627A0256B2F2400211A05 /* Debug */ = {
			isa = XCBuildConfiguration;
			buildSettings = {
				ALWAYS_SEARCH_USER_PATHS = NO;
				CLANG_ANALYZER_NONNULL = YES;
				CLANG_ANALYZER_NUMBER_OBJECT_CONVERSION = YES_AGGRESSIVE;
				CLANG_CXX_LANGUAGE_STANDARD = "gnu++14";
				CLANG_CXX_LIBRARY = "libc++";
				CLANG_ENABLE_MODULES = YES;
				CLANG_ENABLE_OBJC_ARC = YES;
				CLANG_ENABLE_OBJC_WEAK = YES;
				CLANG_WARN_BLOCK_CAPTURE_AUTORELEASING = YES;
				CLANG_WARN_BOOL_CONVERSION = YES;
				CLANG_WARN_COMMA = YES;
				CLANG_WARN_CONSTANT_CONVERSION = YES;
				CLANG_WARN_DEPRECATED_OBJC_IMPLEMENTATIONS = YES;
				CLANG_WARN_DIRECT_OBJC_ISA_USAGE = YES_ERROR;
				CLANG_WARN_DOCUMENTATION_COMMENTS = YES;
				CLANG_WARN_EMPTY_BODY = YES;
				CLANG_WARN_ENUM_CONVERSION = YES;
				CLANG_WARN_INFINITE_RECURSION = YES;
				CLANG_WARN_INT_CONVERSION = YES;
				CLANG_WARN_NON_LITERAL_NULL_CONVERSION = YES;
				CLANG_WARN_OBJC_IMPLICIT_RETAIN_SELF = YES;
				CLANG_WARN_OBJC_LITERAL_CONVERSION = YES;
				CLANG_WARN_OBJC_ROOT_CLASS = YES_ERROR;
				CLANG_WARN_QUOTED_INCLUDE_IN_FRAMEWORK_HEADER = YES;
				CLANG_WARN_RANGE_LOOP_ANALYSIS = YES;
				CLANG_WARN_STRICT_PROTOTYPES = YES;
				CLANG_WARN_SUSPICIOUS_MOVE = YES;
				CLANG_WARN_UNGUARDED_AVAILABILITY = YES_AGGRESSIVE;
				CLANG_WARN_UNREACHABLE_CODE = YES;
				CLANG_WARN__DUPLICATE_METHOD_MATCH = YES;
				COPY_PHASE_STRIP = NO;
				DEBUG_INFORMATION_FORMAT = dwarf;
				ENABLE_STRICT_OBJC_MSGSEND = YES;
				ENABLE_TESTABILITY = YES;
				GCC_C_LANGUAGE_STANDARD = gnu11;
				GCC_DYNAMIC_NO_PIC = NO;
				GCC_NO_COMMON_BLOCKS = YES;
				GCC_OPTIMIZATION_LEVEL = 0;
				GCC_PREPROCESSOR_DEFINITIONS = (
					"DEBUG=1",
					"$(inherited)",
				);
				GCC_WARN_64_TO_32_BIT_CONVERSION = YES;
				GCC_WARN_ABOUT_RETURN_TYPE = YES_ERROR;
				GCC_WARN_UNDECLARED_SELECTOR = YES;
				GCC_WARN_UNINITIALIZED_AUTOS = YES_AGGRESSIVE;
				GCC_WARN_UNUSED_FUNCTION = YES;
				GCC_WARN_UNUSED_VARIABLE = YES;
				IPHONEOS_DEPLOYMENT_TARGET = 14.0;
				MTL_ENABLE_DEBUG_INFO = INCLUDE_SOURCE;
				MTL_FAST_MATH = YES;
				ONLY_ACTIVE_ARCH = YES;
				SDKROOT = iphoneos;
				SWIFT_ACTIVE_COMPILATION_CONDITIONS = DEBUG;
				SWIFT_OPTIMIZATION_LEVEL = "-Onone";
			};
			name = Debug;
		};
		9FC627A1256B2F2400211A05 /* Release */ = {
			isa = XCBuildConfiguration;
			buildSettings = {
				ALWAYS_SEARCH_USER_PATHS = NO;
				CLANG_ANALYZER_NONNULL = YES;
				CLANG_ANALYZER_NUMBER_OBJECT_CONVERSION = YES_AGGRESSIVE;
				CLANG_CXX_LANGUAGE_STANDARD = "gnu++14";
				CLANG_CXX_LIBRARY = "libc++";
				CLANG_ENABLE_MODULES = YES;
				CLANG_ENABLE_OBJC_ARC = YES;
				CLANG_ENABLE_OBJC_WEAK = YES;
				CLANG_WARN_BLOCK_CAPTURE_AUTORELEASING = YES;
				CLANG_WARN_BOOL_CONVERSION = YES;
				CLANG_WARN_COMMA = YES;
				CLANG_WARN_CONSTANT_CONVERSION = YES;
				CLANG_WARN_DEPRECATED_OBJC_IMPLEMENTATIONS = YES;
				CLANG_WARN_DIRECT_OBJC_ISA_USAGE = YES_ERROR;
				CLANG_WARN_DOCUMENTATION_COMMENTS = YES;
				CLANG_WARN_EMPTY_BODY = YES;
				CLANG_WARN_ENUM_CONVERSION = YES;
				CLANG_WARN_INFINITE_RECURSION = YES;
				CLANG_WARN_INT_CONVERSION = YES;
				CLANG_WARN_NON_LITERAL_NULL_CONVERSION = YES;
				CLANG_WARN_OBJC_IMPLICIT_RETAIN_SELF = YES;
				CLANG_WARN_OBJC_LITERAL_CONVERSION = YES;
				CLANG_WARN_OBJC_ROOT_CLASS = YES_ERROR;
				CLANG_WARN_QUOTED_INCLUDE_IN_FRAMEWORK_HEADER = YES;
				CLANG_WARN_RANGE_LOOP_ANALYSIS = YES;
				CLANG_WARN_STRICT_PROTOTYPES = YES;
				CLANG_WARN_SUSPICIOUS_MOVE = YES;
				CLANG_WARN_UNGUARDED_AVAILABILITY = YES_AGGRESSIVE;
				CLANG_WARN_UNREACHABLE_CODE = YES;
				CLANG_WARN__DUPLICATE_METHOD_MATCH = YES;
				COPY_PHASE_STRIP = NO;
				DEBUG_INFORMATION_FORMAT = "dwarf-with-dsym";
				ENABLE_NS_ASSERTIONS = NO;
				ENABLE_STRICT_OBJC_MSGSEND = YES;
				GCC_C_LANGUAGE_STANDARD = gnu11;
				GCC_NO_COMMON_BLOCKS = YES;
				GCC_WARN_64_TO_32_BIT_CONVERSION = YES;
				GCC_WARN_ABOUT_RETURN_TYPE = YES_ERROR;
				GCC_WARN_UNDECLARED_SELECTOR = YES;
				GCC_WARN_UNINITIALIZED_AUTOS = YES_AGGRESSIVE;
				GCC_WARN_UNUSED_FUNCTION = YES;
				GCC_WARN_UNUSED_VARIABLE = YES;
				IPHONEOS_DEPLOYMENT_TARGET = 14.0;
				MTL_ENABLE_DEBUG_INFO = NO;
				MTL_FAST_MATH = YES;
				SDKROOT = iphoneos;
				SWIFT_COMPILATION_MODE = wholemodule;
				SWIFT_OPTIMIZATION_LEVEL = "-O";
				VALIDATE_PRODUCT = YES;
			};
			name = Release;
		};
		9FC627A3256B2F2400211A05 /* Debug */ = {
			isa = XCBuildConfiguration;
			buildSettings = {
				ASSETCATALOG_COMPILER_APPICON_NAME = AppIcon;
				ASSETCATALOG_COMPILER_GLOBAL_ACCENT_COLOR_NAME = AccentColor;
				CODE_SIGN_STYLE = Automatic;
				DEVELOPMENT_ASSET_PATHS = "\"Simple App Store/Preview Content\"";
				DEVELOPMENT_TEAM = 5RTZJMVRS2;
				ENABLE_PREVIEWS = YES;
				INFOPLIST_FILE = "Simple App Store/Info.plist";
				IPHONEOS_DEPLOYMENT_TARGET = 14.0;
				LD_RUNPATH_SEARCH_PATHS = (
					"$(inherited)",
					"@executable_path/Frameworks",
				);
				PRODUCT_BUNDLE_IDENTIFIER = "com.hosam.net.Simple-App-Store";
				PRODUCT_NAME = "$(TARGET_NAME)";
				SWIFT_VERSION = 5.0;
				TARGETED_DEVICE_FAMILY = "1,2";
			};
			name = Debug;
		};
		9FC627A4256B2F2400211A05 /* Release */ = {
			isa = XCBuildConfiguration;
			buildSettings = {
				ASSETCATALOG_COMPILER_APPICON_NAME = AppIcon;
				ASSETCATALOG_COMPILER_GLOBAL_ACCENT_COLOR_NAME = AccentColor;
				CODE_SIGN_STYLE = Automatic;
				DEVELOPMENT_ASSET_PATHS = "\"Simple App Store/Preview Content\"";
				DEVELOPMENT_TEAM = 5RTZJMVRS2;
				ENABLE_PREVIEWS = YES;
				INFOPLIST_FILE = "Simple App Store/Info.plist";
				IPHONEOS_DEPLOYMENT_TARGET = 14.0;
				LD_RUNPATH_SEARCH_PATHS = (
					"$(inherited)",
					"@executable_path/Frameworks",
				);
				PRODUCT_BUNDLE_IDENTIFIER = "com.hosam.net.Simple-App-Store";
				PRODUCT_NAME = "$(TARGET_NAME)";
				SWIFT_VERSION = 5.0;
				TARGETED_DEVICE_FAMILY = "1,2";
			};
			name = Release;
		};
/* End XCBuildConfiguration section */

/* Begin XCConfigurationList section */
		9FC6278E256B2F2200211A05 /* Build configuration list for PBXProject "Simple App Store" */ = {
			isa = XCConfigurationList;
			buildConfigurations = (
				9FC627A0256B2F2400211A05 /* Debug */,
				9FC627A1256B2F2400211A05 /* Release */,
			);
			defaultConfigurationIsVisible = 0;
			defaultConfigurationName = Release;
		};
		9FC627A2256B2F2400211A05 /* Build configuration list for PBXNativeTarget "Simple App Store" */ = {
			isa = XCConfigurationList;
			buildConfigurations = (
				9FC627A3256B2F2400211A05 /* Debug */,
				9FC627A4256B2F2400211A05 /* Release */,
			);
			defaultConfigurationIsVisible = 0;
			defaultConfigurationName = Release;
		};
/* End XCConfigurationList section */
	};
	rootObject = 9FC6278B256B2F2200211A05 /* Project object */;
}
